
Microsoft Visual Studio Solution File, Format Version 12.00
# Visual Studio 15
VisualStudioVersion = 15.0.26430.13
MinimumVisualStudioVersion = 10.0.40219.1
Project("{FAE04EC0-301F-11D3-BF4B-00C04F79EFBC}") = "ChangeNumbersOutput", "..\Projects\NEW1 (дев2)\ChangeNumbersOutput\ChangeNumbersOutput\ChangeNumbersOutput.csproj", "{1E735F0C-6855-4690-A777-7AEF0D418EB9}"
EndProject
Project("{FAE04EC0-301F-11D3-BF4B-00C04F79EFBC}") = "Fibonaccisequence", "..\Projects\Fibonaccisequence(дев3)\Fibonaccisequence\Fibonaccisequence.csproj", "{1D4EA7CB-AFFE-4703-BB6B-46054354FD51}"
EndProject
Project("{9A19103F-16F7-4668-BE54-9A1E7A4F7556}") = "RandomChangeTheSymbolsInString", "DEV-9\RandomChangeTheSymbolsInString.csproj", "{67606784-C377-4ECF-85EE-A52CA10B2B89}"
EndProject
Project("{FAE04EC0-301F-11D3-BF4B-00C04F79EFBC}") = "RepeatElementInArray", "DEV-10\RepeatElementInArray.csproj", "{24BB2FC3-4396-4512-930D-0157B9DE1157}"
EndProject
Project("{FAE04EC0-301F-11D3-BF4B-00C04F79EFBC}") = "TransformFromCirillicToLatin", "DEV-11\TransformFromCirillicToLatin.csproj", "{4BA25335-CF4A-4C94-80E9-FA80DEE708D7}"
EndProject
Global
	GlobalSection(SolutionConfigurationPlatforms) = preSolution
		Debug|Any CPU = Debug|Any CPU
		Release|Any CPU = Release|Any CPU
	EndGlobalSection
	GlobalSection(ProjectConfigurationPlatforms) = postSolution
		{1E735F0C-6855-4690-A777-7AEF0D418EB9}.Debug|Any CPU.ActiveCfg = Debug|Any CPU
		{1E735F0C-6855-4690-A777-7AEF0D418EB9}.Debug|Any CPU.Build.0 = Debug|Any CPU
		{1E735F0C-6855-4690-A777-7AEF0D418EB9}.Release|Any CPU.ActiveCfg = Release|Any CPU
		{1E735F0C-6855-4690-A777-7AEF0D418EB9}.Release|Any CPU.Build.0 = Release|Any CPU
		{1D4EA7CB-AFFE-4703-BB6B-46054354FD51}.Debug|Any CPU.ActiveCfg = Debug|Any CPU
		{1D4EA7CB-AFFE-4703-BB6B-46054354FD51}.Debug|Any CPU.Build.0 = Debug|Any CPU
		{1D4EA7CB-AFFE-4703-BB6B-46054354FD51}.Release|Any CPU.ActiveCfg = Release|Any CPU
		{1D4EA7CB-AFFE-4703-BB6B-46054354FD51}.Release|Any CPU.Build.0 = Release|Any CPU
		{67606784-C377-4ECF-85EE-A52CA10B2B89}.Debug|Any CPU.ActiveCfg = Debug|Any CPU
		{67606784-C377-4ECF-85EE-A52CA10B2B89}.Debug|Any CPU.Build.0 = Debug|Any CPU
		{67606784-C377-4ECF-85EE-A52CA10B2B89}.Release|Any CPU.ActiveCfg = Release|Any CPU
		{67606784-C377-4ECF-85EE-A52CA10B2B89}.Release|Any CPU.Build.0 = Release|Any CPU
		{24BB2FC3-4396-4512-930D-0157B9DE1157}.Debug|Any CPU.ActiveCfg = Debug|Any CPU
		{24BB2FC3-4396-4512-930D-0157B9DE1157}.Debug|Any CPU.Build.0 = Debug|Any CPU
		{24BB2FC3-4396-4512-930D-0157B9DE1157}.Release|Any CPU.ActiveCfg = Release|Any CPU
		{24BB2FC3-4396-4512-930D-0157B9DE1157}.Release|Any CPU.Build.0 = Release|Any CPU
		{4BA25335-CF4A-4C94-80E9-FA80DEE708D7}.Debug|Any CPU.ActiveCfg = Debug|Any CPU
		{4BA25335-CF4A-4C94-80E9-FA80DEE708D7}.Debug|Any CPU.Build.0 = Debug|Any CPU
		{4BA25335-CF4A-4C94-80E9-FA80DEE708D7}.Release|Any CPU.ActiveCfg = Release|Any CPU
		{4BA25335-CF4A-4C94-80E9-FA80DEE708D7}.Release|Any CPU.Build.0 = Release|Any CPU
	EndGlobalSection
	GlobalSection(SolutionProperties) = preSolution
		HideSolutionNode = FALSE
	EndGlobalSection
EndGlobal
